
Microsoft Visual Studio Solution File, Format Version 12.00
# Visual Studio Version 16
VisualStudioVersion = 16.0.30413.136
MinimumVisualStudioVersion = 10.0.40219.1
Project("{9A19103F-16F7-4668-BE54-9A1E7A4F7556}") = "JEUX D'ENIGME", "JEUX D'ENIGUME\JEUX D'ENIGME.csproj", "{33FF905E-AF03-4A07-A713-406226BE47F2}"
EndProject
Project("{2150E333-8FDC-42A3-9474-1A3956D46DE8}") = "Solution Items", "Solution Items", "{C983BEC0-D00C-4C96-9B5B-6E564ADB8FFC}"
	ProjectSection(SolutionItems) = preProject
		..\..\..\Downloads\cowbell cult - smoke (sped up, minecraft in ohio version).wav = ..\..\..\Downloads\cowbell cult - smoke (sped up, minecraft in ohio version).wav
	EndProjectSection
EndProject
Global
	GlobalSection(SolutionConfigurationPlatforms) = preSolution
		Debug|Any CPU = Debug|Any CPU
		Release|Any CPU = Release|Any CPU
	EndGlobalSection
	GlobalSection(ProjectConfigurationPlatforms) = postSolution
		{33FF905E-AF03-4A07-A713-406226BE47F2}.Debug|Any CPU.ActiveCfg = Debug|Any CPU
		{33FF905E-AF03-4A07-A713-406226BE47F2}.Debug|Any CPU.Build.0 = Debug|Any CPU
		{33FF905E-AF03-4A07-A713-406226BE47F2}.Release|Any CPU.ActiveCfg = Release|Any CPU
		{33FF905E-AF03-4A07-A713-406226BE47F2}.Release|Any CPU.Build.0 = Release|Any CPU
	EndGlobalSection
	GlobalSection(SolutionProperties) = preSolution
		HideSolutionNode = FALSE
	EndGlobalSection
	GlobalSection(ExtensibilityGlobals) = postSolution
		SolutionGuid = {AF5A70AA-73DE-49D8-AAFB-92D9B1DF5B09}
	EndGlobalSection
EndGlobal
